
Microsoft Visual Studio Solution File, Format Version 11.00
# Visual C# Express 2010
Project("{FAE04EC0-301F-11D3-BF4B-00C04F79EFBC}") = "GCode analyzer", "GCode analyzer\GCode analyzer.csproj", "{B00F6CC5-51C5-4136-96E5-4C2B08254B45}"
EndProject
Global
	GlobalSection(SolutionConfigurationPlatforms) = preSolution
		Debug|x86 = Debug|x86
		Release|x86 = Release|x86
	EndGlobalSection
	GlobalSection(ProjectConfigurationPlatforms) = postSolution
		{B00F6CC5-51C5-4136-96E5-4C2B08254B45}.Debug|x86.ActiveCfg = Debug|x86
		{B00F6CC5-51C5-4136-96E5-4C2B08254B45}.Debug|x86.Build.0 = Debug|x86
		{B00F6CC5-51C5-4136-96E5-4C2B08254B45}.Release|x86.ActiveCfg = Release|x86
		{B00F6CC5-51C5-4136-96E5-4C2B08254B45}.Release|x86.Build.0 = Release|x86
	EndGlobalSection
	GlobalSection(SolutionProperties) = preSolution
		HideSolutionNode = FALSE
	EndGlobalSection
EndGlobal
